
Microsoft Visual Studio Solution File, Format Version 12.00
# Visual Studio Version 17
VisualStudioVersion = 17.8.34511.84
MinimumVisualStudioVersion = 10.0.40219.1
Project("{FAE04EC0-301F-11D3-BF4B-00C04F79EFBC}") = "Laboratorio02", "Laboratorio02\Laboratorio02.csproj", "{2AB78572-D892-47D6-9D12-AE80A2F80A91}"
EndProject
Project("{9A19103F-16F7-4668-BE54-9A1E7A4F7556}") = "Laboratorio01", "Laboratorio01\Laboratorio01.csproj", "{3C1AF1C8-C03A-4B72-ACA2-2F4A782B50FD}"
EndProject
Global
	GlobalSection(SolutionConfigurationPlatforms) = preSolution
		Debug|Any CPU = Debug|Any CPU
		Release|Any CPU = Release|Any CPU
	EndGlobalSection
	GlobalSection(ProjectConfigurationPlatforms) = postSolution
		{2AB78572-D892-47D6-9D12-AE80A2F80A91}.Debug|Any CPU.ActiveCfg = Debug|Any CPU
		{2AB78572-D892-47D6-9D12-AE80A2F80A91}.Debug|Any CPU.Build.0 = Debug|Any CPU
		{2AB78572-D892-47D6-9D12-AE80A2F80A91}.Release|Any CPU.ActiveCfg = Release|Any CPU
		{2AB78572-D892-47D6-9D12-AE80A2F80A91}.Release|Any CPU.Build.0 = Release|Any CPU
		{3C1AF1C8-C03A-4B72-ACA2-2F4A782B50FD}.Debug|Any CPU.ActiveCfg = Debug|Any CPU
		{3C1AF1C8-C03A-4B72-ACA2-2F4A782B50FD}.Debug|Any CPU.Build.0 = Debug|Any CPU
		{3C1AF1C8-C03A-4B72-ACA2-2F4A782B50FD}.Release|Any CPU.ActiveCfg = Release|Any CPU
		{3C1AF1C8-C03A-4B72-ACA2-2F4A782B50FD}.Release|Any CPU.Build.0 = Release|Any CPU
	EndGlobalSection
	GlobalSection(SolutionProperties) = preSolution
		HideSolutionNode = FALSE
	EndGlobalSection
	GlobalSection(ExtensibilityGlobals) = postSolution
		SolutionGuid = {5777865B-6C07-4B88-8087-B31763340557}
	EndGlobalSection
EndGlobal
