
Microsoft Visual Studio Solution File, Format Version 12.00
# Visual Studio Version 17
VisualStudioVersion = 17.4.33213.308
MinimumVisualStudioVersion = 10.0.40219.1
Project("{9A19103F-16F7-4668-BE54-9A1E7A4F7556}") = "Ejercicio1", "Ejercicio1\Ejercicio1.csproj", "{A039F010-ED42-415F-A259-143C1C5BB28C}"
EndProject
Project("{9A19103F-16F7-4668-BE54-9A1E7A4F7556}") = "Ejercicio3", "Ejercicio3\Ejercicio3.csproj", "{A31B45D3-1B0D-472A-84AD-E3B9F624F078}"
EndProject
Project("{9A19103F-16F7-4668-BE54-9A1E7A4F7556}") = "Modelo", "Modelo\Modelo.csproj", "{B10387D6-D2BC-421E-B57E-EF2A4185D3EB}"
EndProject
Project("{9A19103F-16F7-4668-BE54-9A1E7A4F7556}") = "Ejercicio4", "Ejercicio4\Ejercicio4.csproj", "{A137AB7D-AE2C-4EF6-A879-67331273AB37}"
EndProject
Project("{9A19103F-16F7-4668-BE54-9A1E7A4F7556}") = "Ejercicio2", "Ejercicio2\Ejercicio2.csproj", "{CE2EFA6C-205A-4634-A4F2-6CF60D28E446}"
EndProject
Project("{9A19103F-16F7-4668-BE54-9A1E7A4F7556}") = "ListaGenerica", "ListaGenerica\ListaGenerica.csproj", "{17A4B68B-0ACD-4FE7-B36D-23FFF4500D7A}"
EndProject
Global
	GlobalSection(SolutionConfigurationPlatforms) = preSolution
		Debug|Any CPU = Debug|Any CPU
		Release|Any CPU = Release|Any CPU
	EndGlobalSection
	GlobalSection(ProjectConfigurationPlatforms) = postSolution
		{A039F010-ED42-415F-A259-143C1C5BB28C}.Debug|Any CPU.ActiveCfg = Debug|Any CPU
		{A039F010-ED42-415F-A259-143C1C5BB28C}.Debug|Any CPU.Build.0 = Debug|Any CPU
		{A039F010-ED42-415F-A259-143C1C5BB28C}.Release|Any CPU.ActiveCfg = Release|Any CPU
		{A039F010-ED42-415F-A259-143C1C5BB28C}.Release|Any CPU.Build.0 = Release|Any CPU
		{A31B45D3-1B0D-472A-84AD-E3B9F624F078}.Debug|Any CPU.ActiveCfg = Debug|Any CPU
		{A31B45D3-1B0D-472A-84AD-E3B9F624F078}.Debug|Any CPU.Build.0 = Debug|Any CPU
		{A31B45D3-1B0D-472A-84AD-E3B9F624F078}.Release|Any CPU.ActiveCfg = Release|Any CPU
		{A31B45D3-1B0D-472A-84AD-E3B9F624F078}.Release|Any CPU.Build.0 = Release|Any CPU
		{B10387D6-D2BC-421E-B57E-EF2A4185D3EB}.Debug|Any CPU.ActiveCfg = Debug|Any CPU
		{B10387D6-D2BC-421E-B57E-EF2A4185D3EB}.Debug|Any CPU.Build.0 = Debug|Any CPU
		{B10387D6-D2BC-421E-B57E-EF2A4185D3EB}.Release|Any CPU.ActiveCfg = Release|Any CPU
		{B10387D6-D2BC-421E-B57E-EF2A4185D3EB}.Release|Any CPU.Build.0 = Release|Any CPU
		{A137AB7D-AE2C-4EF6-A879-67331273AB37}.Debug|Any CPU.ActiveCfg = Debug|Any CPU
		{A137AB7D-AE2C-4EF6-A879-67331273AB37}.Debug|Any CPU.Build.0 = Debug|Any CPU
		{A137AB7D-AE2C-4EF6-A879-67331273AB37}.Release|Any CPU.ActiveCfg = Release|Any CPU
		{A137AB7D-AE2C-4EF6-A879-67331273AB37}.Release|Any CPU.Build.0 = Release|Any CPU
		{CE2EFA6C-205A-4634-A4F2-6CF60D28E446}.Debug|Any CPU.ActiveCfg = Debug|Any CPU
		{CE2EFA6C-205A-4634-A4F2-6CF60D28E446}.Debug|Any CPU.Build.0 = Debug|Any CPU
		{CE2EFA6C-205A-4634-A4F2-6CF60D28E446}.Release|Any CPU.ActiveCfg = Release|Any CPU
		{CE2EFA6C-205A-4634-A4F2-6CF60D28E446}.Release|Any CPU.Build.0 = Release|Any CPU
		{17A4B68B-0ACD-4FE7-B36D-23FFF4500D7A}.Debug|Any CPU.ActiveCfg = Debug|Any CPU
		{17A4B68B-0ACD-4FE7-B36D-23FFF4500D7A}.Debug|Any CPU.Build.0 = Debug|Any CPU
		{17A4B68B-0ACD-4FE7-B36D-23FFF4500D7A}.Release|Any CPU.ActiveCfg = Release|Any CPU
		{17A4B68B-0ACD-4FE7-B36D-23FFF4500D7A}.Release|Any CPU.Build.0 = Release|Any CPU
	EndGlobalSection
	GlobalSection(SolutionProperties) = preSolution
		HideSolutionNode = FALSE
	EndGlobalSection
	GlobalSection(ExtensibilityGlobals) = postSolution
		SolutionGuid = {00DE3086-9311-4381-A69E-36EEF7E70F99}
	EndGlobalSection
EndGlobal
