
Microsoft Visual Studio Solution File, Format Version 12.00
# Visual Studio Version 17
VisualStudioVersion = 17.8.34511.84
MinimumVisualStudioVersion = 10.0.40219.1
Project("{FAE04EC0-301F-11D3-BF4B-00C04F79EFBC}") = "Lab12_Eng", "Lab12_Eng\Lab12_Eng.csproj", "{CC5B2B0C-EF22-4573-9E18-96D661885F7D}"
EndProject
Global
	GlobalSection(SolutionConfigurationPlatforms) = preSolution
		Debug|Any CPU = Debug|Any CPU
		Release|Any CPU = Release|Any CPU
	EndGlobalSection
	GlobalSection(ProjectConfigurationPlatforms) = postSolution
		{CC5B2B0C-EF22-4573-9E18-96D661885F7D}.Debug|Any CPU.ActiveCfg = Debug|Any CPU
		{CC5B2B0C-EF22-4573-9E18-96D661885F7D}.Debug|Any CPU.Build.0 = Debug|Any CPU
		{CC5B2B0C-EF22-4573-9E18-96D661885F7D}.Release|Any CPU.ActiveCfg = Release|Any CPU
		{CC5B2B0C-EF22-4573-9E18-96D661885F7D}.Release|Any CPU.Build.0 = Release|Any CPU
	EndGlobalSection
	GlobalSection(SolutionProperties) = preSolution
		HideSolutionNode = FALSE
	EndGlobalSection
	GlobalSection(ExtensibilityGlobals) = postSolution
		SolutionGuid = {2DA8A839-1FF2-43AF-AA85-10CC49A81203}
	EndGlobalSection
EndGlobal
