
Microsoft Visual Studio Solution File, Format Version 12.00
# Visual Studio Version 17
VisualStudioVersion = 17.4.33213.308
MinimumVisualStudioVersion = 10.0.40219.1
Project("{9A19103F-16F7-4668-BE54-9A1E7A4F7556}") = "Modelo", "Modelo\Modelo.csproj", "{B10387D6-D2BC-421E-B57E-EF2A4185D3EB}"
EndProject
Project("{9A19103F-16F7-4668-BE54-9A1E7A4F7556}") = "Ejercicio4", "Ejercicio4\Ejercicio4.csproj", "{A137AB7D-AE2C-4EF6-A879-67331273AB37}"
EndProject
Global
	GlobalSection(SolutionConfigurationPlatforms) = preSolution
		Debug|Any CPU = Debug|Any CPU
		Release|Any CPU = Release|Any CPU
	EndGlobalSection
	GlobalSection(ProjectConfigurationPlatforms) = postSolution
		{B10387D6-D2BC-421E-B57E-EF2A4185D3EB}.Debug|Any CPU.ActiveCfg = Debug|Any CPU
		{B10387D6-D2BC-421E-B57E-EF2A4185D3EB}.Debug|Any CPU.Build.0 = Debug|Any CPU
		{B10387D6-D2BC-421E-B57E-EF2A4185D3EB}.Release|Any CPU.ActiveCfg = Release|Any CPU
		{B10387D6-D2BC-421E-B57E-EF2A4185D3EB}.Release|Any CPU.Build.0 = Release|Any CPU
		{A137AB7D-AE2C-4EF6-A879-67331273AB37}.Debug|Any CPU.ActiveCfg = Debug|Any CPU
		{A137AB7D-AE2C-4EF6-A879-67331273AB37}.Debug|Any CPU.Build.0 = Debug|Any CPU
		{A137AB7D-AE2C-4EF6-A879-67331273AB37}.Release|Any CPU.ActiveCfg = Release|Any CPU
		{A137AB7D-AE2C-4EF6-A879-67331273AB37}.Release|Any CPU.Build.0 = Release|Any CPU
	EndGlobalSection
	GlobalSection(SolutionProperties) = preSolution
		HideSolutionNode = FALSE
	EndGlobalSection
	GlobalSection(ExtensibilityGlobals) = postSolution
		SolutionGuid = {00DE3086-9311-4381-A69E-36EEF7E70F99}
	EndGlobalSection
EndGlobal
