
Microsoft Visual Studio Solution File, Format Version 12.00
# Visual Studio Version 17
VisualStudioVersion = 17.8.34511.84
MinimumVisualStudioVersion = 10.0.40219.1
Project("{FAE04EC0-301F-11D3-BF4B-00C04F79EFBC}") = "Ops_conjuntos", "Ops_conjuntos\Ops_conjuntos.csproj", "{067D18AF-FBE8-49A0-8F47-B6ED43BB250C}"
EndProject
Global
	GlobalSection(SolutionConfigurationPlatforms) = preSolution
		Debug|Any CPU = Debug|Any CPU
		Release|Any CPU = Release|Any CPU
	EndGlobalSection
	GlobalSection(ProjectConfigurationPlatforms) = postSolution
		{067D18AF-FBE8-49A0-8F47-B6ED43BB250C}.Debug|Any CPU.ActiveCfg = Debug|Any CPU
		{067D18AF-FBE8-49A0-8F47-B6ED43BB250C}.Debug|Any CPU.Build.0 = Debug|Any CPU
		{067D18AF-FBE8-49A0-8F47-B6ED43BB250C}.Release|Any CPU.ActiveCfg = Release|Any CPU
		{067D18AF-FBE8-49A0-8F47-B6ED43BB250C}.Release|Any CPU.Build.0 = Release|Any CPU
	EndGlobalSection
	GlobalSection(SolutionProperties) = preSolution
		HideSolutionNode = FALSE
	EndGlobalSection
	GlobalSection(ExtensibilityGlobals) = postSolution
		SolutionGuid = {E70A268A-A8E6-4D05-AAE3-9A7AA4C451FF}
	EndGlobalSection
EndGlobal
