
Microsoft Visual Studio Solution File, Format Version 12.00
# Visual Studio Version 17
VisualStudioVersion = 17.8.34511.84
MinimumVisualStudioVersion = 10.0.40219.1
Project("{FAE04EC0-301F-11D3-BF4B-00C04F79EFBC}") = "Hilos", "Hilos\Hilos.csproj", "{67AFC6FD-E1FF-4CFC-8751-1F5B71E284FB}"
EndProject
Global
	GlobalSection(SolutionConfigurationPlatforms) = preSolution
		Debug|Any CPU = Debug|Any CPU
		Release|Any CPU = Release|Any CPU
	EndGlobalSection
	GlobalSection(ProjectConfigurationPlatforms) = postSolution
		{67AFC6FD-E1FF-4CFC-8751-1F5B71E284FB}.Debug|Any CPU.ActiveCfg = Debug|Any CPU
		{67AFC6FD-E1FF-4CFC-8751-1F5B71E284FB}.Debug|Any CPU.Build.0 = Debug|Any CPU
		{67AFC6FD-E1FF-4CFC-8751-1F5B71E284FB}.Release|Any CPU.ActiveCfg = Release|Any CPU
		{67AFC6FD-E1FF-4CFC-8751-1F5B71E284FB}.Release|Any CPU.Build.0 = Release|Any CPU
	EndGlobalSection
	GlobalSection(SolutionProperties) = preSolution
		HideSolutionNode = FALSE
	EndGlobalSection
	GlobalSection(ExtensibilityGlobals) = postSolution
		SolutionGuid = {121602BE-62D9-4F9D-8825-5F2060A73D2D}
	EndGlobalSection
EndGlobal
