
Microsoft Visual Studio Solution File, Format Version 12.00
# Visual Studio Version 17
VisualStudioVersion = 17.8.34511.84
MinimumVisualStudioVersion = 10.0.40219.1
Project("{FAE04EC0-301F-11D3-BF4B-00C04F79EFBC}") = "ListaGenerica", "ListaGenerica\ListaGenerica.csproj", "{E6E6054E-E02C-4ED0-9BC9-F30367762AB0}"
EndProject
Project("{FAE04EC0-301F-11D3-BF4B-00C04F79EFBC}") = "PruebaTuLista", "PruebaTuLista\PruebaTuLista.csproj", "{DF78EF75-1B23-44FC-AC3A-3CDFB0348A21}"
EndProject
Project("{9A19103F-16F7-4668-BE54-9A1E7A4F7556}") = "Tests", "Tests\Tests.csproj", "{EA694D2B-A652-4C8E-9F73-6844C581BB23}"
EndProject
Global
	GlobalSection(SolutionConfigurationPlatforms) = preSolution
		Debug|Any CPU = Debug|Any CPU
		Release|Any CPU = Release|Any CPU
	EndGlobalSection
	GlobalSection(ProjectConfigurationPlatforms) = postSolution
		{E6E6054E-E02C-4ED0-9BC9-F30367762AB0}.Debug|Any CPU.ActiveCfg = Debug|Any CPU
		{E6E6054E-E02C-4ED0-9BC9-F30367762AB0}.Debug|Any CPU.Build.0 = Debug|Any CPU
		{E6E6054E-E02C-4ED0-9BC9-F30367762AB0}.Release|Any CPU.ActiveCfg = Release|Any CPU
		{E6E6054E-E02C-4ED0-9BC9-F30367762AB0}.Release|Any CPU.Build.0 = Release|Any CPU
		{DF78EF75-1B23-44FC-AC3A-3CDFB0348A21}.Debug|Any CPU.ActiveCfg = Debug|Any CPU
		{DF78EF75-1B23-44FC-AC3A-3CDFB0348A21}.Debug|Any CPU.Build.0 = Debug|Any CPU
		{DF78EF75-1B23-44FC-AC3A-3CDFB0348A21}.Release|Any CPU.ActiveCfg = Release|Any CPU
		{DF78EF75-1B23-44FC-AC3A-3CDFB0348A21}.Release|Any CPU.Build.0 = Release|Any CPU
		{EA694D2B-A652-4C8E-9F73-6844C581BB23}.Debug|Any CPU.ActiveCfg = Debug|Any CPU
		{EA694D2B-A652-4C8E-9F73-6844C581BB23}.Debug|Any CPU.Build.0 = Debug|Any CPU
		{EA694D2B-A652-4C8E-9F73-6844C581BB23}.Release|Any CPU.ActiveCfg = Release|Any CPU
		{EA694D2B-A652-4C8E-9F73-6844C581BB23}.Release|Any CPU.Build.0 = Release|Any CPU
	EndGlobalSection
	GlobalSection(SolutionProperties) = preSolution
		HideSolutionNode = FALSE
	EndGlobalSection
	GlobalSection(ExtensibilityGlobals) = postSolution
		SolutionGuid = {CA644737-3D91-414A-95A4-EE3BFE9325EC}
	EndGlobalSection
EndGlobal
